
Microsoft Visual Studio Solution File, Format Version 12.00
# Visual Studio Version 16
VisualStudioVersion = 16.0.31410.357
MinimumVisualStudioVersion = 10.0.40219.1
Project("{9A19103F-16F7-4668-BE54-9A1E7A4F7556}") = "GameDevelopmentProject", "Game-Development-Project\GameDevelopmentProject.csproj", "{49A47667-3B2E-4195-9277-4D16E5E5DA2D}"
EndProject
Global
	GlobalSection(SolutionConfigurationPlatforms) = preSolution
		Debug|Any CPU = Debug|Any CPU
		Release|Any CPU = Release|Any CPU
	EndGlobalSection
	GlobalSection(ProjectConfigurationPlatforms) = postSolution
		{49A47667-3B2E-4195-9277-4D16E5E5DA2D}.Debug|Any CPU.ActiveCfg = Debug|Any CPU
		{49A47667-3B2E-4195-9277-4D16E5E5DA2D}.Debug|Any CPU.Build.0 = Debug|Any CPU
		{49A47667-3B2E-4195-9277-4D16E5E5DA2D}.Release|Any CPU.ActiveCfg = Release|Any CPU
		{49A47667-3B2E-4195-9277-4D16E5E5DA2D}.Release|Any CPU.Build.0 = Release|Any CPU
	EndGlobalSection
	GlobalSection(SolutionProperties) = preSolution
		HideSolutionNode = FALSE
	EndGlobalSection
	GlobalSection(ExtensibilityGlobals) = postSolution
		SolutionGuid = {EE5792B0-6581-4E24-B659-F48EBFCA3B05}
	EndGlobalSection
EndGlobal
